// !$*UTF8*$!
{
	archiveVersion = 1;
	classes = {
	};
	objectVersion = 56;
	objects = {

/* Begin PBXBuildFile section */
		246C9AFA2B334C6F00C8087D /* VisionTestApp.swift in Sources */ = {isa = PBXBuildFile; fileRef = 246C9AF92B334C6F00C8087D /* VisionTestApp.swift */; };
		246C9AFC2B334C6F00C8087D /* ContentView.swift in Sources */ = {isa = PBXBuildFile; fileRef = 246C9AFB2B334C6F00C8087D /* ContentView.swift */; };
		246C9AFE2B334C7000C8087D /* Assets.xcassets in Resources */ = {isa = PBXBuildFile; fileRef = 246C9AFD2B334C7000C8087D /* Assets.xcassets */; };
		246C9B012B334C7000C8087D /* Preview Assets.xcassets in Resources */ = {isa = PBXBuildFile; fileRef = 246C9B002B334C7000C8087D /* Preview Assets.xcassets */; };
		246C9B0B2B334C7000C8087D /* VisionTestTests.swift in Sources */ = {isa = PBXBuildFile; fileRef = 246C9B0A2B334C7000C8087D /* VisionTestTests.swift */; };
		246C9B152B334C7000C8087D /* VisionTestUITests.swift in Sources */ = {isa = PBXBuildFile; fileRef = 246C9B142B334C7000C8087D /* VisionTestUITests.swift */; };
		246C9B172B334C7000C8087D /* VisionTestUITestsLaunchTests.swift in Sources */ = {isa = PBXBuildFile; fileRef = 246C9B162B334C7000C8087D /* VisionTestUITestsLaunchTests.swift */; };
		24ADF3372B35F929007E9C5F /* CameraView.swift in Sources */ = {isa = PBXBuildFile; fileRef = 24ADF3362B35F929007E9C5F /* CameraView.swift */; };
/* End PBXBuildFile section */

/* Begin PBXContainerItemProxy section */
		246C9B072B334C7000C8087D /* PBXContainerItemProxy */ = {
			isa = PBXContainerItemProxy;
			containerPortal = 246C9AEE2B334C6F00C8087D /* Project object */;
			proxyType = 1;
			remoteGlobalIDString = 246C9AF52B334C6F00C8087D;
			remoteInfo = VisionTest;
		};
		246C9B112B334C7000C8087D /* PBXContainerItemProxy */ = {
			isa = PBXContainerItemProxy;
			containerPortal = 246C9AEE2B334C6F00C8087D /* Project object */;
			proxyType = 1;
			remoteGlobalIDString = 246C9AF52B334C6F00C8087D;
			remoteInfo = VisionTest;
		};
/* End PBXContainerItemProxy section */

/* Begin PBXFileReference section */
		246C9AF62B334C6F00C8087D /* VisionTest.app */ = {isa = PBXFileReference; explicitFileType = wrapper.application; includeInIndex = 0; path = VisionTest.app; sourceTree = BUILT_PRODUCTS_DIR; };
		246C9AF92B334C6F00C8087D /* VisionTestApp.swift */ = {isa = PBXFileReference; lastKnownFileType = sourcecode.swift; path = VisionTestApp.swift; sourceTree = "<group>"; };
		246C9AFB2B334C6F00C8087D /* ContentView.swift */ = {isa = PBXFileReference; lastKnownFileType = sourcecode.swift; path = ContentView.swift; sourceTree = "<group>"; };
		246C9AFD2B334C7000C8087D /* Assets.xcassets */ = {isa = PBXFileReference; lastKnownFileType = folder.assetcatalog; path = Assets.xcassets; sourceTree = "<group>"; };
		246C9B002B334C7000C8087D /* Preview Assets.xcassets */ = {isa = PBXFileReference; lastKnownFileType = folder.assetcatalog; path = "Preview Assets.xcassets"; sourceTree = "<group>"; };
		246C9B062B334C7000C8087D /* VisionTestTests.xctest */ = {isa = PBXFileReference; explicitFileType = wrapper.cfbundle; includeInIndex = 0; path = VisionTestTests.xctest; sourceTree = BUILT_PRODUCTS_DIR; };
		246C9B0A2B334C7000C8087D /* VisionTestTests.swift */ = {isa = PBXFileReference; lastKnownFileType = sourcecode.swift; path = VisionTestTests.swift; sourceTree = "<group>"; };
		246C9B102B334C7000C8087D /* VisionTestUITests.xctest */ = {isa = PBXFileReference; explicitFileType = wrapper.cfbundle; includeInIndex = 0; path = VisionTestUITests.xctest; sourceTree = BUILT_PRODUCTS_DIR; };
		246C9B142B334C7000C8087D /* VisionTestUITests.swift */ = {isa = PBXFileReference; lastKnownFileType = sourcecode.swift; path = VisionTestUITests.swift; sourceTree = "<group>"; };
		246C9B162B334C7000C8087D /* VisionTestUITestsLaunchTests.swift */ = {isa = PBXFileReference; lastKnownFileType = sourcecode.swift; path = VisionTestUITestsLaunchTests.swift; sourceTree = "<group>"; };
		24ADF3362B35F929007E9C5F /* CameraView.swift */ = {isa = PBXFileReference; lastKnownFileType = sourcecode.swift; path = CameraView.swift; sourceTree = "<group>"; };
/* End PBXFileReference section */

/* Begin PBXFrameworksBuildPhase section */
		246C9AF32B334C6F00C8087D /* Frameworks */ = {
			isa = PBXFrameworksBuildPhase;
			buildActionMask = 2147483647;
			files = (
			);
			runOnlyForDeploymentPostprocessing = 0;
		};
		246C9B032B334C7000C8087D /* Frameworks */ = {
			isa = PBXFrameworksBuildPhase;
			buildActionMask = 2147483647;
			files = (
			);
			runOnlyForDeploymentPostprocessing = 0;
		};
		246C9B0D2B334C7000C8087D /* Frameworks */ = {
			isa = PBXFrameworksBuildPhase;
			buildActionMask = 2147483647;
			files = (
			);
			runOnlyForDeploymentPostprocessing = 0;
		};
/* End PBXFrameworksBuildPhase section */

/* Begin PBXGroup section */
		246C9AED2B334C6F00C8087D = {
			isa = PBXGroup;
			children = (
				246C9AF82B334C6F00C8087D /* VisionTest */,
				246C9B092B334C7000C8087D /* VisionTestTests */,
				246C9B132B334C7000C8087D /* VisionTestUITests */,
				246C9AF72B334C6F00C8087D /* Products */,
			);
			sourceTree = "<group>";
		};
		246C9AF72B334C6F00C8087D /* Products */ = {
			isa = PBXGroup;
			children = (
				246C9AF62B334C6F00C8087D /* VisionTest.app */,
				246C9B062B334C7000C8087D /* VisionTestTests.xctest */,
				246C9B102B334C7000C8087D /* VisionTestUITests.xctest */,
			);
			name = Products;
			sourceTree = "<group>";
		};
		246C9AF82B334C6F00C8087D /* VisionTest */ = {
			isa = PBXGroup;
			children = (
				246C9AF92B334C6F00C8087D /* VisionTestApp.swift */,
				24ADF3362B35F929007E9C5F /* CameraView.swift */,
				246C9AFB2B334C6F00C8087D /* ContentView.swift */,
				246C9AFD2B334C7000C8087D /* Assets.xcassets */,
				246C9AFF2B334C7000C8087D /* Preview Content */,
			);
			path = VisionTest;
			sourceTree = "<group>";
		};
		246C9AFF2B334C7000C8087D /* Preview Content */ = {
			isa = PBXGroup;
			children = (
				246C9B002B334C7000C8087D /* Preview Assets.xcassets */,
			);
			path = "Preview Content";
			sourceTree = "<group>";
		};
		246C9B092B334C7000C8087D /* VisionTestTests */ = {
			isa = PBXGroup;
			children = (
				246C9B0A2B334C7000C8087D /* VisionTestTests.swift */,
			);
			path = VisionTestTests;
			sourceTree = "<group>";
		};
		246C9B132B334C7000C8087D /* VisionTestUITests */ = {
			isa = PBXGroup;
			children = (
				246C9B142B334C7000C8087D /* VisionTestUITests.swift */,
				246C9B162B334C7000C8087D /* VisionTestUITestsLaunchTests.swift */,
			);
			path = VisionTestUITests;
			sourceTree = "<group>";
		};
/* End PBXGroup section */

/* Begin PBXNativeTarget section */
		246C9AF52B334C6F00C8087D /* VisionTest */ = {
			isa = PBXNativeTarget;
			buildConfigurationList = 246C9B1A2B334C7000C8087D /* Build configuration list for PBXNativeTarget "VisionTest" */;
			buildPhases = (
				246C9AF22B334C6F00C8087D /* Sources */,
				246C9AF32B334C6F00C8087D /* Frameworks */,
				246C9AF42B334C6F00C8087D /* Resources */,
			);
			buildRules = (
			);
			dependencies = (
			);
			name = VisionTest;
			productName = VisionTest;
			productReference = 246C9AF62B334C6F00C8087D /* VisionTest.app */;
			productType = "com.apple.product-type.application";
		};
		246C9B052B334C7000C8087D /* VisionTestTests */ = {
			isa = PBXNativeTarget;
			buildConfigurationList = 246C9B1D2B334C7000C8087D /* Build configuration list for PBXNativeTarget "VisionTestTests" */;
			buildPhases = (
				246C9B022B334C7000C8087D /* Sources */,
				246C9B032B334C7000C8087D /* Frameworks */,
				246C9B042B334C7000C8087D /* Resources */,
			);
			buildRules = (
			);
			dependencies = (
				246C9B082B334C7000C8087D /* PBXTargetDependency */,
			);
			name = VisionTestTests;
			productName = VisionTestTests;
			productReference = 246C9B062B334C7000C8087D /* VisionTestTests.xctest */;
			productType = "com.apple.product-type.bundle.unit-test";
		};
		246C9B0F2B334C7000C8087D /* VisionTestUITests */ = {
			isa = PBXNativeTarget;
			buildConfigurationList = 246C9B202B334C7000C8087D /* Build configuration list for PBXNativeTarget "VisionTestUITests" */;
			buildPhases = (
				246C9B0C2B334C7000C8087D /* Sources */,
				246C9B0D2B334C7000C8087D /* Frameworks */,
				246C9B0E2B334C7000C8087D /* Resources */,
			);
			buildRules = (
			);
			dependencies = (
				246C9B122B334C7000C8087D /* PBXTargetDependency */,
			);
			name = VisionTestUITests;
			productName = VisionTestUITests;
			productReference = 246C9B102B334C7000C8087D /* VisionTestUITests.xctest */;
			productType = "com.apple.product-type.bundle.ui-testing";
		};
/* End PBXNativeTarget section */

/* Begin PBXProject section */
		246C9AEE2B334C6F00C8087D /* Project object */ = {
			isa = PBXProject;
			attributes = {
				BuildIndependentTargetsInParallel = 1;
				LastSwiftUpdateCheck = 1510;
				LastUpgradeCheck = 1510;
				TargetAttributes = {
					246C9AF52B334C6F00C8087D = {
						CreatedOnToolsVersion = 15.1;
					};
					246C9B052B334C7000C8087D = {
						CreatedOnToolsVersion = 15.1;
						TestTargetID = 246C9AF52B334C6F00C8087D;
					};
					246C9B0F2B334C7000C8087D = {
						CreatedOnToolsVersion = 15.1;
						TestTargetID = 246C9AF52B334C6F00C8087D;
					};
				};
			};
			buildConfigurationList = 246C9AF12B334C6F00C8087D /* Build configuration list for PBXProject "VisionTest" */;
			compatibilityVersion = "Xcode 14.0";
			developmentRegion = en;
			hasScannedForEncodings = 0;
			knownRegions = (
				en,
				Base,
			);
			mainGroup = 246C9AED2B334C6F00C8087D;
			productRefGroup = 246C9AF72B334C6F00C8087D /* Products */;
			projectDirPath = "";
			projectRoot = "";
			targets = (
				246C9AF52B334C6F00C8087D /* VisionTest */,
				246C9B052B334C7000C8087D /* VisionTestTests */,
				246C9B0F2B334C7000C8087D /* VisionTestUITests */,
			);
		};
/* End PBXProject section */

/* Begin PBXResourcesBuildPhase section */
		246C9AF42B334C6F00C8087D /* Resources */ = {
			isa = PBXResourcesBuildPhase;
			buildActionMask = 2147483647;
			files = (
				246C9B012B334C7000C8087D /* Preview Assets.xcassets in Resources */,
				246C9AFE2B334C7000C8087D /* Assets.xcassets in Resources */,
			);
			runOnlyForDeploymentPostprocessing = 0;
		};
		246C9B042B334C7000C8087D /* Resources */ = {
			isa = PBXResourcesBuildPhase;
			buildActionMask = 2147483647;
			files = (
			);
			runOnlyForDeploymentPostprocessing = 0;
		};
		246C9B0E2B334C7000C8087D /* Resources */ = {
			isa = PBXResourcesBuildPhase;
			buildActionMask = 2147483647;
			files = (
			);
			runOnlyForDeploymentPostprocessing = 0;
		};
/* End PBXResourcesBuildPhase section */

/* Begin PBXSourcesBuildPhase section */
		246C9AF22B334C6F00C8087D /* Sources */ = {
			isa = PBXSourcesBuildPhase;
			buildActionMask = 2147483647;
			files = (
				24ADF3372B35F929007E9C5F /* CameraView.swift in Sources */,
				246C9AFC2B334C6F00C8087D /* ContentView.swift in Sources */,
				246C9AFA2B334C6F00C8087D /* VisionTestApp.swift in Sources */,
			);
			runOnlyForDeploymentPostprocessing = 0;
		};
		246C9B022B334C7000C8087D /* Sources */ = {
			isa = PBXSourcesBuildPhase;
			buildActionMask = 2147483647;
			files = (
				246C9B0B2B334C7000C8087D /* VisionTestTests.swift in Sources */,
			);
			runOnlyForDeploymentPostprocessing = 0;
		};
		246C9B0C2B334C7000C8087D /* Sources */ = {
			isa = PBXSourcesBuildPhase;
			buildActionMask = 2147483647;
			files = (
				246C9B172B334C7000C8087D /* VisionTestUITestsLaunchTests.swift in Sources */,
				246C9B152B334C7000C8087D /* VisionTestUITests.swift in Sources */,
			);
			runOnlyForDeploymentPostprocessing = 0;
		};
/* End PBXSourcesBuildPhase section */

/* Begin PBXTargetDependency section */
		246C9B082B334C7000C8087D /* PBXTargetDependency */ = {
			isa = PBXTargetDependency;
			target = 246C9AF52B334C6F00C8087D /* VisionTest */;
			targetProxy = 246C9B072B334C7000C8087D /* PBXContainerItemProxy */;
		};
		246C9B122B334C7000C8087D /* PBXTargetDependency */ = {
			isa = PBXTargetDependency;
			target = 246C9AF52B334C6F00C8087D /* VisionTest */;
			targetProxy = 246C9B112B334C7000C8087D /* PBXContainerItemProxy */;
		};
/* End PBXTargetDependency section */

/* Begin XCBuildConfiguration section */
		246C9B182B334C7000C8087D /* Debug */ = {
			isa = XCBuildConfiguration;
			buildSettings = {
				ALWAYS_SEARCH_USER_PATHS = NO;
				ASSETCATALOG_COMPILER_GENERATE_SWIFT_ASSET_SYMBOL_EXTENSIONS = YES;
				CLANG_ANALYZER_NONNULL = YES;
				CLANG_ANALYZER_NUMBER_OBJECT_CONVERSION = YES_AGGRESSIVE;
				CLANG_CXX_LANGUAGE_STANDARD = "gnu++20";
				CLANG_ENABLE_MODULES = YES;
				CLANG_ENABLE_OBJC_ARC = YES;
				CLANG_ENABLE_OBJC_WEAK = YES;
				CLANG_WARN_BLOCK_CAPTURE_AUTORELEASING = YES;
				CLANG_WARN_BOOL_CONVERSION = YES;
				CLANG_WARN_COMMA = YES;
				CLANG_WARN_CONSTANT_CONVERSION = YES;
				CLANG_WARN_DEPRECATED_OBJC_IMPLEMENTATIONS = YES;
				CLANG_WARN_DIRECT_OBJC_ISA_USAGE = YES_ERROR;
				CLANG_WARN_DOCUMENTATION_COMMENTS = YES;
				CLANG_WARN_EMPTY_BODY = YES;
				CLANG_WARN_ENUM_CONVERSION = YES;
				CLANG_WARN_INFINITE_RECURSION = YES;
				CLANG_WARN_INT_CONVERSION = YES;
				CLANG_WARN_NON_LITERAL_NULL_CONVERSION = YES;
				CLANG_WARN_OBJC_IMPLICIT_RETAIN_SELF = YES;
				CLANG_WARN_OBJC_LITERAL_CONVERSION = YES;
				CLANG_WARN_OBJC_ROOT_CLASS = YES_ERROR;
				CLANG_WARN_QUOTED_INCLUDE_IN_FRAMEWORK_HEADER = YES;
				CLANG_WARN_RANGE_LOOP_ANALYSIS = YES;
				CLANG_WARN_STRICT_PROTOTYPES = YES;
				CLANG_WARN_SUSPICIOUS_MOVE = YES;
				CLANG_WARN_UNGUARDED_AVAILABILITY = YES_AGGRESSIVE;
				CLANG_WARN_UNREACHABLE_CODE = YES;
				CLANG_WARN__DUPLICATE_METHOD_MATCH = YES;
				COPY_PHASE_STRIP = NO;
				DEBUG_INFORMATION_FORMAT = dwarf;
				ENABLE_STRICT_OBJC_MSGSEND = YES;
				ENABLE_TESTABILITY = YES;
				ENABLE_USER_SCRIPT_SANDBOXING = YES;
				GCC_C_LANGUAGE_STANDARD = gnu17;
				GCC_DYNAMIC_NO_PIC = NO;
				GCC_NO_COMMON_BLOCKS = YES;
				GCC_OPTIMIZATION_LEVEL = 0;
				GCC_PREPROCESSOR_DEFINITIONS = (
					"DEBUG=1",
					"$(inherited)",
				);
				GCC_WARN_64_TO_32_BIT_CONVERSION = YES;
				GCC_WARN_ABOUT_RETURN_TYPE = YES_ERROR;
				GCC_WARN_UNDECLARED_SELECTOR = YES;
				GCC_WARN_UNINITIALIZED_AUTOS = YES_AGGRESSIVE;
				GCC_WARN_UNUSED_FUNCTION = YES;
				GCC_WARN_UNUSED_VARIABLE = YES;
				IPHONEOS_DEPLOYMENT_TARGET = 17.2;
				LOCALIZATION_PREFERS_STRING_CATALOGS = YES;
				MTL_ENABLE_DEBUG_INFO = INCLUDE_SOURCE;
				MTL_FAST_MATH = YES;
				ONLY_ACTIVE_ARCH = YES;
				SDKROOT = iphoneos;
				SWIFT_ACTIVE_COMPILATION_CONDITIONS = "DEBUG $(inherited)";
				SWIFT_OPTIMIZATION_LEVEL = "-Onone";
			};
			name = Debug;
		};
		246C9B192B334C7000C8087D /* Release */ = {
			isa = XCBuildConfiguration;
			buildSettings = {
				ALWAYS_SEARCH_USER_PATHS = NO;
				ASSETCATALOG_COMPILER_GENERATE_SWIFT_ASSET_SYMBOL_EXTENSIONS = YES;
				CLANG_ANALYZER_NONNULL = YES;
				CLANG_ANALYZER_NUMBER_OBJECT_CONVERSION = YES_AGGRESSIVE;
				CLANG_CXX_LANGUAGE_STANDARD = "gnu++20";
				CLANG_ENABLE_MODULES = YES;
				CLANG_ENABLE_OBJC_ARC = YES;
				CLANG_ENABLE_OBJC_WEAK = YES;
				CLANG_WARN_BLOCK_CAPTURE_AUTORELEASING = YES;
				CLANG_WARN_BOOL_CONVERSION = YES;
				CLANG_WARN_COMMA = YES;
				CLANG_WARN_CONSTANT_CONVERSION = YES;
				CLANG_WARN_DEPRECATED_OBJC_IMPLEMENTATIONS = YES;
				CLANG_WARN_DIRECT_OBJC_ISA_USAGE = YES_ERROR;
				CLANG_WARN_DOCUMENTATION_COMMENTS = YES;
				CLANG_WARN_EMPTY_BODY = YES;
				CLANG_WARN_ENUM_CONVERSION = YES;
				CLANG_WARN_INFINITE_RECURSION = YES;
				CLANG_WARN_INT_CONVERSION = YES;
				CLANG_WARN_NON_LITERAL_NULL_CONVERSION = YES;
				CLANG_WARN_OBJC_IMPLICIT_RETAIN_SELF = YES;
				CLANG_WARN_OBJC_LITERAL_CONVERSION = YES;
				CLANG_WARN_OBJC_ROOT_CLASS = YES_ERROR;
				CLANG_WARN_QUOTED_INCLUDE_IN_FRAMEWORK_HEADER = YES;
				CLANG_WARN_RANGE_LOOP_ANALYSIS = YES;
				CLANG_WARN_STRICT_PROTOTYPES = YES;
				CLANG_WARN_SUSPICIOUS_MOVE = YES;
				CLANG_WARN_UNGUARDED_AVAILABILITY = YES_AGGRESSIVE;
				CLANG_WARN_UNREACHABLE_CODE = YES;
				CLANG_WARN__DUPLICATE_METHOD_MATCH = YES;
				COPY_PHASE_STRIP = NO;
				DEBUG_INFORMATION_FORMAT = "dwarf-with-dsym";
				ENABLE_NS_ASSERTIONS = NO;
				ENABLE_STRICT_OBJC_MSGSEND = YES;
				ENABLE_USER_SCRIPT_SANDBOXING = YES;
				GCC_C_LANGUAGE_STANDARD = gnu17;
				GCC_NO_COMMON_BLOCKS = YES;
				GCC_WARN_64_TO_32_BIT_CONVERSION = YES;
				GCC_WARN_ABOUT_RETURN_TYPE = YES_ERROR;
				GCC_WARN_UNDECLARED_SELECTOR = YES;
				GCC_WARN_UNINITIALIZED_AUTOS = YES_AGGRESSIVE;
				GCC_WARN_UNUSED_FUNCTION = YES;
				GCC_WARN_UNUSED_VARIABLE = YES;
				IPHONEOS_DEPLOYMENT_TARGET = 17.2;
				LOCALIZATION_PREFERS_STRING_CATALOGS = YES;
				MTL_ENABLE_DEBUG_INFO = NO;
				MTL_FAST_MATH = YES;
				SDKROOT = iphoneos;
				SWIFT_COMPILATION_MODE = wholemodule;
				VALIDATE_PRODUCT = YES;
			};
			name = Release;
		};
		246C9B1B2B334C7000C8087D /* Debug */ = {
			isa = XCBuildConfiguration;
			buildSettings = {
				ASSETCATALOG_COMPILER_APPICON_NAME = AppIcon;
				ASSETCATALOG_COMPILER_GLOBAL_ACCENT_COLOR_NAME = AccentColor;
				CODE_SIGN_STYLE = Automatic;
				CURRENT_PROJECT_VERSION = 1;
				DEVELOPMENT_ASSET_PATHS = "\"VisionTest/Preview Content\"";
				DEVELOPMENT_TEAM = 5GHJDBA35V;
				ENABLE_PREVIEWS = YES;
				GENERATE_INFOPLIST_FILE = YES;
				INFOPLIST_KEY_CFBundleDisplayName = "";
				INFOPLIST_KEY_NSCameraUsageDescription = "This app requires access to the camera for text recognition.";
				INFOPLIST_KEY_UIApplicationSceneManifest_Generation = YES;
				INFOPLIST_KEY_UIApplicationSupportsIndirectInputEvents = YES;
				INFOPLIST_KEY_UILaunchScreen_Generation = YES;
				INFOPLIST_KEY_UISupportedInterfaceOrientations_iPad = "UIInterfaceOrientationPortrait UIInterfaceOrientationPortraitUpsideDown UIInterfaceOrientationLandscapeLeft UIInterfaceOrientationLandscapeRight";
				INFOPLIST_KEY_UISupportedInterfaceOrientations_iPhone = "UIInterfaceOrientationPortrait UIInterfaceOrientationLandscapeLeft UIInterfaceOrientationLandscapeRight";
				LD_RUNPATH_SEARCH_PATHS = (
					"$(inherited)",
					"@executable_path/Frameworks",
				);
				MARKETING_VERSION = 1.0;
				PRODUCT_BUNDLE_IDENTIFIER = Badito.VisionTest;
				PRODUCT_NAME = "$(TARGET_NAME)";
				SWIFT_EMIT_LOC_STRINGS = YES;
				SWIFT_VERSION = 5.0;
				TARGETED_DEVICE_FAMILY = "1,2";
			};
			name = Debug;
		};
		246C9B1C2B334C7000C8087D /* Release */ = {
			isa = XCBuildConfiguration;
			buildSettings = {
				ASSETCATALOG_COMPILER_APPICON_NAME = AppIcon;
				ASSETCATALOG_COMPILER_GLOBAL_ACCENT_COLOR_NAME = AccentColor;
				CODE_SIGN_STYLE = Automatic;
				CURRENT_PROJECT_VERSION = 1;
				DEVELOPMENT_ASSET_PATHS = "\"VisionTest/Preview Content\"";
				DEVELOPMENT_TEAM = 5GHJDBA35V;
				ENABLE_PREVIEWS = YES;
				GENERATE_INFOPLIST_FILE = YES;
				INFOPLIST_KEY_CFBundleDisplayName = "";
				INFOPLIST_KEY_NSCameraUsageDescription = "This app requires access to the camera for text recognition.";
				INFOPLIST_KEY_UIApplicationSceneManifest_Generation = YES;
				INFOPLIST_KEY_UIApplicationSupportsIndirectInputEvents = YES;
				INFOPLIST_KEY_UILaunchScreen_Generation = YES;
				INFOPLIST_KEY_UISupportedInterfaceOrientations_iPad = "UIInterfaceOrientationPortrait UIInterfaceOrientationPortraitUpsideDown UIInterfaceOrientationLandscapeLeft UIInterfaceOrientationLandscapeRight";
				INFOPLIST_KEY_UISupportedInterfaceOrientations_iPhone = "UIInterfaceOrientationPortrait UIInterfaceOrientationLandscapeLeft UIInterfaceOrientationLandscapeRight";
				LD_RUNPATH_SEARCH_PATHS = (
					"$(inherited)",
					"@executable_path/Frameworks",
				);
				MARKETING_VERSION = 1.0;
				PRODUCT_BUNDLE_IDENTIFIER = Badito.VisionTest;
				PRODUCT_NAME = "$(TARGET_NAME)";
				SWIFT_EMIT_LOC_STRINGS = YES;
				SWIFT_VERSION = 5.0;
				TARGETED_DEVICE_FAMILY = "1,2";
			};
			name = Release;
		};
		246C9B1E2B334C7000C8087D /* Debug */ = {
			isa = XCBuildConfiguration;
			buildSettings = {
				ALWAYS_EMBED_SWIFT_STANDARD_LIBRARIES = YES;
				BUNDLE_LOADER = "$(TEST_HOST)";
				CODE_SIGN_STYLE = Automatic;
				CURRENT_PROJECT_VERSION = 1;
				DEVELOPMENT_TEAM = 5GHJDBA35V;
				GENERATE_INFOPLIST_FILE = YES;
				IPHONEOS_DEPLOYMENT_TARGET = 17.2;
				MARKETING_VERSION = 1.0;
				PRODUCT_BUNDLE_IDENTIFIER = Badito.VisionTestTests;
				PRODUCT_NAME = "$(TARGET_NAME)";
				SWIFT_EMIT_LOC_STRINGS = NO;
				SWIFT_VERSION = 5.0;
				TARGETED_DEVICE_FAMILY = "1,2";
				TEST_HOST = "$(BUILT_PRODUCTS_DIR)/VisionTest.app/$(BUNDLE_EXECUTABLE_FOLDER_PATH)/VisionTest";
			};
			name = Debug;
		};
		246C9B1F2B334C7000C8087D /* Release */ = {
			isa = XCBuildConfiguration;
			buildSettings = {
				ALWAYS_EMBED_SWIFT_STANDARD_LIBRARIES = YES;
				BUNDLE_LOADER = "$(TEST_HOST)";
				CODE_SIGN_STYLE = Automatic;
				CURRENT_PROJECT_VERSION = 1;
				DEVELOPMENT_TEAM = 5GHJDBA35V;
				GENERATE_INFOPLIST_FILE = YES;
				IPHONEOS_DEPLOYMENT_TARGET = 17.2;
				MARKETING_VERSION = 1.0;
				PRODUCT_BUNDLE_IDENTIFIER = Badito.VisionTestTests;
				PRODUCT_NAME = "$(TARGET_NAME)";
				SWIFT_EMIT_LOC_STRINGS = NO;
				SWIFT_VERSION = 5.0;
				TARGETED_DEVICE_FAMILY = "1,2";
				TEST_HOST = "$(BUILT_PRODUCTS_DIR)/VisionTest.app/$(BUNDLE_EXECUTABLE_FOLDER_PATH)/VisionTest";
			};
			name = Release;
		};
		246C9B212B334C7000C8087D /* Debug */ = {
			isa = XCBuildConfiguration;
			buildSettings = {
				ALWAYS_EMBED_SWIFT_STANDARD_LIBRARIES = YES;
				CODE_SIGN_STYLE = Automatic;
				CURRENT_PROJECT_VERSION = 1;
				DEVELOPMENT_TEAM = 5GHJDBA35V;
				GENERATE_INFOPLIST_FILE = YES;
				MARKETING_VERSION = 1.0;
				PRODUCT_BUNDLE_IDENTIFIER = Badito.VisionTestUITests;
				PRODUCT_NAME = "$(TARGET_NAME)";
				SWIFT_EMIT_LOC_STRINGS = NO;
				SWIFT_VERSION = 5.0;
				TARGETED_DEVICE_FAMILY = "1,2";
				TEST_TARGET_NAME = VisionTest;
			};
			name = Debug;
		};
		246C9B222B334C7000C8087D /* Release */ = {
			isa = XCBuildConfiguration;
			buildSettings = {
				ALWAYS_EMBED_SWIFT_STANDARD_LIBRARIES = YES;
				CODE_SIGN_STYLE = Automatic;
				CURRENT_PROJECT_VERSION = 1;
				DEVELOPMENT_TEAM = 5GHJDBA35V;
				GENERATE_INFOPLIST_FILE = YES;
				MARKETING_VERSION = 1.0;
				PRODUCT_BUNDLE_IDENTIFIER = Badito.VisionTestUITests;
				PRODUCT_NAME = "$(TARGET_NAME)";
				SWIFT_EMIT_LOC_STRINGS = NO;
				SWIFT_VERSION = 5.0;
				TARGETED_DEVICE_FAMILY = "1,2";
				TEST_TARGET_NAME = VisionTest;
			};
			name = Release;
		};
/* End XCBuildConfiguration section */

/* Begin XCConfigurationList section */
		246C9AF12B334C6F00C8087D /* Build configuration list for PBXProject "VisionTest" */ = {
			isa = XCConfigurationList;
			buildConfigurations = (
				246C9B182B334C7000C8087D /* Debug */,
				246C9B192B334C7000C8087D /* Release */,
			);
			defaultConfigurationIsVisible = 0;
			defaultConfigurationName = Release;
		};
		246C9B1A2B334C7000C8087D /* Build configuration list for PBXNativeTarget "VisionTest" */ = {
			isa = XCConfigurationList;
			buildConfigurations = (
				246C9B1B2B334C7000C8087D /* Debug */,
				246C9B1C2B334C7000C8087D /* Release */,
			);
			defaultConfigurationIsVisible = 0;
			defaultConfigurationName = Release;
		};
		246C9B1D2B334C7000C8087D /* Build configuration list for PBXNativeTarget "VisionTestTests" */ = {
			isa = XCConfigurationList;
			buildConfigurations = (
				246C9B1E2B334C7000C8087D /* Debug */,
				246C9B1F2B334C7000C8087D /* Release */,
			);
			defaultConfigurationIsVisible = 0;
			defaultConfigurationName = Release;
		};
		246C9B202B334C7000C8087D /* Build configuration list for PBXNativeTarget "VisionTestUITests" */ = {
			isa = XCConfigurationList;
			buildConfigurations = (
				246C9B212B334C7000C8087D /* Debug */,
				246C9B222B334C7000C8087D /* Release */,
			);
			defaultConfigurationIsVisible = 0;
			defaultConfigurationName = Release;
		};
/* End XCConfigurationList section */
	};
	rootObject = 246C9AEE2B334C6F00C8087D /* Project object */;
}
